// !$*UTF8*$!
{
	archiveVersion = 1;
	classes = {
	};
	objectVersion = 50;
	objects = {

/* Begin PBXBuildFile section */
		270051302253B980000BF0AA /* LICENSE in Resources */ = {isa = PBXBuildFile; fileRef = 2700512C2253B980000BF0AA /* LICENSE */; };
		270051322253B980000BF0AA /* README.md in Resources */ = {isa = PBXBuildFile; fileRef = 2700512F2253B980000BF0AA /* README.md */; };
		270051332253B993000BF0AA /* Highcharts.framework in Frameworks */ = {isa = PBXBuildFile; fileRef = 2700512E2253B980000BF0AA /* Highcharts.framework */; };
		2700513C2253BCA5000BF0AA /* ChartSeries.swift in Sources */ = {isa = PBXBuildFile; fileRef = 270051372253BCA5000BF0AA /* ChartSeries.swift */; };
		2700513D2253BCA5000BF0AA /* Chart.swift in Sources */ = {isa = PBXBuildFile; fileRef = 270051382253BCA5000BF0AA /* Chart.swift */; };
		2700513E2253BCA5000BF0AA /* ChartColors.swift in Sources */ = {isa = PBXBuildFile; fileRef = 270051392253BCA5000BF0AA /* ChartColors.swift */; };
		2700513F2253BCA5000BF0AA /* README.md in Resources */ = {isa = PBXBuildFile; fileRef = 2700513A2253BCA5000BF0AA /* README.md */; };
		270051402253BCA5000BF0AA /* LICENSE.txt in Resources */ = {isa = PBXBuildFile; fileRef = 2700513B2253BCA5000BF0AA /* LICENSE.txt */; };
		27C4D0B42243C1A0007815A7 /* AppDelegate.swift in Sources */ = {isa = PBXBuildFile; fileRef = 27C4D0B32243C1A0007815A7 /* AppDelegate.swift */; };
		27C4D0B62243C1A0007815A7 /* ViewController.swift in Sources */ = {isa = PBXBuildFile; fileRef = 27C4D0B52243C1A0007815A7 /* ViewController.swift */; };
		27C4D0B92243C1A0007815A7 /* Main.storyboard in Resources */ = {isa = PBXBuildFile; fileRef = 27C4D0B72243C1A0007815A7 /* Main.storyboard */; };
		27C4D0BB2243C1AE007815A7 /* Assets.xcassets in Resources */ = {isa = PBXBuildFile; fileRef = 27C4D0BA2243C1AE007815A7 /* Assets.xcassets */; };
		27C4D0BE2243C1AE007815A7 /* LaunchScreen.storyboard in Resources */ = {isa = PBXBuildFile; fileRef = 27C4D0BC2243C1AE007815A7 /* LaunchScreen.storyboard */; };
		27C4D0C92243C1AE007815A7 /* GR_TesterTests.swift in Sources */ = {isa = PBXBuildFile; fileRef = 27C4D0C82243C1AE007815A7 /* GR_TesterTests.swift */; };
		F16D5D65EC5D935C338A961D /* Pods_GR_Tester.framework in Frameworks */ = {isa = PBXBuildFile; fileRef = 87D6F33F5B094072C79026BB /* Pods_GR_Tester.framework */; };
/* End PBXBuildFile section */

/* Begin PBXContainerItemProxy section */
		27C4D0C52243C1AE007815A7 /* PBXContainerItemProxy */ = {
			isa = PBXContainerItemProxy;
			containerPortal = 27C4D0A82243C19F007815A7 /* Project object */;
			proxyType = 1;
			remoteGlobalIDString = 27C4D0AF2243C1A0007815A7;
			remoteInfo = GR_Tester;
		};
/* End PBXContainerItemProxy section */

/* Begin PBXCopyFilesBuildPhase section */
		27D4599C224A4CC30083D086 /* Embed Frameworks */ = {
			isa = PBXCopyFilesBuildPhase;
			buildActionMask = 2147483647;
			dstPath = "";
			dstSubfolderSpec = 10;
			files = (
			);
			name = "Embed Frameworks";
			runOnlyForDeploymentPostprocessing = 0;
		};
/* End PBXCopyFilesBuildPhase section */

/* Begin PBXFileReference section */
		2700512C2253B980000BF0AA /* LICENSE */ = {isa = PBXFileReference; fileEncoding = 4; lastKnownFileType = text; path = LICENSE; sourceTree = "<group>"; };
		2700512E2253B980000BF0AA /* Highcharts.framework */ = {isa = PBXFileReference; lastKnownFileType = wrapper.framework; path = Highcharts.framework; sourceTree = "<group>"; };
		2700512F2253B980000BF0AA /* README.md */ = {isa = PBXFileReference; fileEncoding = 4; lastKnownFileType = net.daringfireball.markdown; path = README.md; sourceTree = "<group>"; };
		270051372253BCA5000BF0AA /* ChartSeries.swift */ = {isa = PBXFileReference; fileEncoding = 4; lastKnownFileType = sourcecode.swift; path = ChartSeries.swift; sourceTree = "<group>"; };
		270051382253BCA5000BF0AA /* Chart.swift */ = {isa = PBXFileReference; fileEncoding = 4; lastKnownFileType = sourcecode.swift; path = Chart.swift; sourceTree = "<group>"; };
		270051392253BCA5000BF0AA /* ChartColors.swift */ = {isa = PBXFileReference; fileEncoding = 4; lastKnownFileType = sourcecode.swift; path = ChartColors.swift; sourceTree = "<group>"; };
		2700513A2253BCA5000BF0AA /* README.md */ = {isa = PBXFileReference; fileEncoding = 4; lastKnownFileType = net.daringfireball.markdown; path = README.md; sourceTree = "<group>"; };
		2700513B2253BCA5000BF0AA /* LICENSE.txt */ = {isa = PBXFileReference; fileEncoding = 4; lastKnownFileType = text; path = LICENSE.txt; sourceTree = "<group>"; };
		27C4D0B02243C1A0007815A7 /* GR_Tester.app */ = {isa = PBXFileReference; explicitFileType = wrapper.application; includeInIndex = 0; path = GR_Tester.app; sourceTree = BUILT_PRODUCTS_DIR; };
		27C4D0B32243C1A0007815A7 /* AppDelegate.swift */ = {isa = PBXFileReference; lastKnownFileType = sourcecode.swift; path = AppDelegate.swift; sourceTree = "<group>"; };
		27C4D0B52243C1A0007815A7 /* ViewController.swift */ = {isa = PBXFileReference; lastKnownFileType = sourcecode.swift; path = ViewController.swift; sourceTree = "<group>"; };
		27C4D0B82243C1A0007815A7 /* Base */ = {isa = PBXFileReference; lastKnownFileType = file.storyboard; name = Base; path = Base.lproj/Main.storyboard; sourceTree = "<group>"; };
		27C4D0BA2243C1AE007815A7 /* Assets.xcassets */ = {isa = PBXFileReference; lastKnownFileType = folder.assetcatalog; path = Assets.xcassets; sourceTree = "<group>"; };
		27C4D0BD2243C1AE007815A7 /* Base */ = {isa = PBXFileReference; lastKnownFileType = file.storyboard; name = Base; path = Base.lproj/LaunchScreen.storyboard; sourceTree = "<group>"; };
		27C4D0BF2243C1AE007815A7 /* Info.plist */ = {isa = PBXFileReference; lastKnownFileType = text.plist.xml; path = Info.plist; sourceTree = "<group>"; };
		27C4D0C42243C1AE007815A7 /* GR_TesterTests.xctest */ = {isa = PBXFileReference; explicitFileType = wrapper.cfbundle; includeInIndex = 0; path = GR_TesterTests.xctest; sourceTree = BUILT_PRODUCTS_DIR; };
		27C4D0C82243C1AE007815A7 /* GR_TesterTests.swift */ = {isa = PBXFileReference; lastKnownFileType = sourcecode.swift; path = GR_TesterTests.swift; sourceTree = "<group>"; };
		27C4D0CA2243C1AE007815A7 /* Info.plist */ = {isa = PBXFileReference; lastKnownFileType = text.plist.xml; path = Info.plist; sourceTree = "<group>"; };
		6D592FFD07B32034C859EB03 /* Pods_GR_TesterTests.framework */ = {isa = PBXFileReference; explicitFileType = wrapper.framework; includeInIndex = 0; path = Pods_GR_TesterTests.framework; sourceTree = BUILT_PRODUCTS_DIR; };
		6EF337805027C6E122520636 /* Pods-GR_Tester.release.xcconfig */ = {isa = PBXFileReference; includeInIndex = 1; lastKnownFileType = text.xcconfig; name = "Pods-GR_Tester.release.xcconfig"; path = "Target Support Files/Pods-GR_Tester/Pods-GR_Tester.release.xcconfig"; sourceTree = "<group>"; };
		87D6F33F5B094072C79026BB /* Pods_GR_Tester.framework */ = {isa = PBXFileReference; explicitFileType = wrapper.framework; includeInIndex = 0; path = Pods_GR_Tester.framework; sourceTree = BUILT_PRODUCTS_DIR; };
		98DF0BD198AF11932CD76D63 /* Pods-GR_Tester.debug.xcconfig */ = {isa = PBXFileReference; includeInIndex = 1; lastKnownFileType = text.xcconfig; name = "Pods-GR_Tester.debug.xcconfig"; path = "Target Support Files/Pods-GR_Tester/Pods-GR_Tester.debug.xcconfig"; sourceTree = "<group>"; };
/* End PBXFileReference section */

/* Begin PBXFrameworksBuildPhase section */
		27C4D0AD2243C1A0007815A7 /* Frameworks */ = {
			isa = PBXFrameworksBuildPhase;
			buildActionMask = 2147483647;
			files = (
				270051332253B993000BF0AA /* Highcharts.framework in Frameworks */,
				F16D5D65EC5D935C338A961D /* Pods_GR_Tester.framework in Frameworks */,
			);
			runOnlyForDeploymentPostprocessing = 0;
		};
		27C4D0C12243C1AE007815A7 /* Frameworks */ = {
			isa = PBXFrameworksBuildPhase;
			buildActionMask = 2147483647;
			files = (
			);
			runOnlyForDeploymentPostprocessing = 0;
		};
/* End PBXFrameworksBuildPhase section */

/* Begin PBXGroup section */
		2700512B2253B980000BF0AA /* Highcharts */ = {
			isa = PBXGroup;
			children = (
				2700512C2253B980000BF0AA /* LICENSE */,
				2700512D2253B980000BF0AA /* development */,
				2700512F2253B980000BF0AA /* README.md */,
			);
			name = Highcharts;
			path = Pods/Highcharts;
			sourceTree = "<group>";
		};
		2700512D2253B980000BF0AA /* development */ = {
			isa = PBXGroup;
			children = (
				2700512E2253B980000BF0AA /* Highcharts.framework */,
			);
			path = development;
			sourceTree = "<group>";
		};
		270051352253BCA5000BF0AA /* SwiftChart */ = {
			isa = PBXGroup;
			children = (
				270051362253BCA5000BF0AA /* Source */,
				2700513A2253BCA5000BF0AA /* README.md */,
				2700513B2253BCA5000BF0AA /* LICENSE.txt */,
			);
			name = SwiftChart;
			path = Pods/SwiftChart;
			sourceTree = "<group>";
		};
		270051362253BCA5000BF0AA /* Source */ = {
			isa = PBXGroup;
			children = (
				270051372253BCA5000BF0AA /* ChartSeries.swift */,
				270051382253BCA5000BF0AA /* Chart.swift */,
				270051392253BCA5000BF0AA /* ChartColors.swift */,
			);
			path = Source;
			sourceTree = "<group>";
		};
		27C4D0A72243C19F007815A7 = {
			isa = PBXGroup;
			children = (
				27C4D0B22243C1A0007815A7 /* GR_Tester */,
				27C4D0C72243C1AE007815A7 /* GR_TesterTests */,
				27C4D0B12243C1A0007815A7 /* Products */,
				9B28AB6E512EDD4E9BD8D2B1 /* Pods */,
				F5A45CE2A27BDD4AD5E31505 /* Frameworks */,
			);
			sourceTree = "<group>";
		};
		27C4D0B12243C1A0007815A7 /* Products */ = {
			isa = PBXGroup;
			children = (
				27C4D0B02243C1A0007815A7 /* GR_Tester.app */,
				27C4D0C42243C1AE007815A7 /* GR_TesterTests.xctest */,
			);
			name = Products;
			sourceTree = "<group>";
		};
		27C4D0B22243C1A0007815A7 /* GR_Tester */ = {
			isa = PBXGroup;
			children = (
				27C4D0B32243C1A0007815A7 /* AppDelegate.swift */,
				27C4D0B52243C1A0007815A7 /* ViewController.swift */,
				27C4D0B72243C1A0007815A7 /* Main.storyboard */,
				27C4D0BA2243C1AE007815A7 /* Assets.xcassets */,
				27C4D0BC2243C1AE007815A7 /* LaunchScreen.storyboard */,
				27C4D0BF2243C1AE007815A7 /* Info.plist */,
			);
			path = GR_Tester;
			sourceTree = "<group>";
		};
		27C4D0C72243C1AE007815A7 /* GR_TesterTests */ = {
			isa = PBXGroup;
			children = (
				27C4D0C82243C1AE007815A7 /* GR_TesterTests.swift */,
				27C4D0CA2243C1AE007815A7 /* Info.plist */,
			);
			path = GR_TesterTests;
			sourceTree = "<group>";
		};
		9B28AB6E512EDD4E9BD8D2B1 /* Pods */ = {
			isa = PBXGroup;
			children = (
				98DF0BD198AF11932CD76D63 /* Pods-GR_Tester.debug.xcconfig */,
				6EF337805027C6E122520636 /* Pods-GR_Tester.release.xcconfig */,
			);
			path = Pods;
			sourceTree = "<group>";
		};
		F5A45CE2A27BDD4AD5E31505 /* Frameworks */ = {
			isa = PBXGroup;
			children = (
				270051352253BCA5000BF0AA /* SwiftChart */,
				2700512B2253B980000BF0AA /* Highcharts */,
				87D6F33F5B094072C79026BB /* Pods_GR_Tester.framework */,
				6D592FFD07B32034C859EB03 /* Pods_GR_TesterTests.framework */,
			);
			name = Frameworks;
			sourceTree = "<group>";
		};
/* End PBXGroup section */

/* Begin PBXNativeTarget section */
		27C4D0AF2243C1A0007815A7 /* GR_Tester */ = {
			isa = PBXNativeTarget;
			buildConfigurationList = 27C4D0CD2243C1AE007815A7 /* Build configuration list for PBXNativeTarget "GR_Tester" */;
			buildPhases = (
				7D63CB968EFDC92387F35072 /* [CP] Check Pods Manifest.lock */,
				27C4D0AC2243C1A0007815A7 /* Sources */,
				27C4D0AD2243C1A0007815A7 /* Frameworks */,
				27C4D0AE2243C1A0007815A7 /* Resources */,
				ED3FF2D3A390EB089ABD7CED /* [CP] Embed Pods Frameworks */,
				27D4599C224A4CC30083D086 /* Embed Frameworks */,
			);
			buildRules = (
			);
			dependencies = (
			);
			name = GR_Tester;
			productName = GR_Tester;
			productReference = 27C4D0B02243C1A0007815A7 /* GR_Tester.app */;
			productType = "com.apple.product-type.application";
		};
		27C4D0C32243C1AE007815A7 /* GR_TesterTests */ = {
			isa = PBXNativeTarget;
			buildConfigurationList = 27C4D0D02243C1AE007815A7 /* Build configuration list for PBXNativeTarget "GR_TesterTests" */;
			buildPhases = (
				27C4D0C02243C1AE007815A7 /* Sources */,
				27C4D0C12243C1AE007815A7 /* Frameworks */,
				27C4D0C22243C1AE007815A7 /* Resources */,
			);
			buildRules = (
			);
			dependencies = (
				27C4D0C62243C1AE007815A7 /* PBXTargetDependency */,
			);
			name = GR_TesterTests;
			productName = GR_TesterTests;
			productReference = 27C4D0C42243C1AE007815A7 /* GR_TesterTests.xctest */;
			productType = "com.apple.product-type.bundle.unit-test";
		};
/* End PBXNativeTarget section */

/* Begin PBXProject section */
		27C4D0A82243C19F007815A7 /* Project object */ = {
			isa = PBXProject;
			attributes = {
				LastSwiftUpdateCheck = 1010;
				LastUpgradeCheck = 1010;
				ORGANIZATIONNAME = "Isaac Frewin";
				TargetAttributes = {
					27C4D0AF2243C1A0007815A7 = {
						CreatedOnToolsVersion = 10.1;
					};
					27C4D0C32243C1AE007815A7 = {
						CreatedOnToolsVersion = 10.1;
						TestTargetID = 27C4D0AF2243C1A0007815A7;
					};
				};
			};
			buildConfigurationList = 27C4D0AB2243C1A0007815A7 /* Build configuration list for PBXProject "GR_Tester" */;
			compatibilityVersion = "Xcode 9.3";
			developmentRegion = en;
			hasScannedForEncodings = 0;
			knownRegions = (
				en,
				Base,
			);
			mainGroup = 27C4D0A72243C19F007815A7;
			productRefGroup = 27C4D0B12243C1A0007815A7 /* Products */;
			projectDirPath = "";
			projectRoot = "";
			targets = (
				27C4D0AF2243C1A0007815A7 /* GR_Tester */,
				27C4D0C32243C1AE007815A7 /* GR_TesterTests */,
			);
		};
/* End PBXProject section */

/* Begin PBXResourcesBuildPhase section */
		27C4D0AE2243C1A0007815A7 /* Resources */ = {
			isa = PBXResourcesBuildPhase;
			buildActionMask = 2147483647;
			files = (
				270051302253B980000BF0AA /* LICENSE in Resources */,
				27C4D0BE2243C1AE007815A7 /* LaunchScreen.storyboard in Resources */,
				270051322253B980000BF0AA /* README.md in Resources */,
				2700513F2253BCA5000BF0AA /* README.md in Resources */,
				270051402253BCA5000BF0AA /* LICENSE.txt in Resources */,
				27C4D0BB2243C1AE007815A7 /* Assets.xcassets in Resources */,
				27C4D0B92243C1A0007815A7 /* Main.storyboard in Resources */,
			);
			runOnlyForDeploymentPostprocessing = 0;
		};
		27C4D0C22243C1AE007815A7 /* Resources */ = {
			isa = PBXResourcesBuildPhase;
			buildActionMask = 2147483647;
			files = (
			);
			runOnlyForDeploymentPostprocessing = 0;
		};
/* End PBXResourcesBuildPhase section */

/* Begin PBXShellScriptBuildPhase section */
		7D63CB968EFDC92387F35072 /* [CP] Check Pods Manifest.lock */ = {
			isa = PBXShellScriptBuildPhase;
			buildActionMask = 2147483647;
			files = (
			);
			inputFileListPaths = (
			);
			inputPaths = (
				"${PODS_PODFILE_DIR_PATH}/Podfile.lock",
				"${PODS_ROOT}/Manifest.lock",
			);
			name = "[CP] Check Pods Manifest.lock";
			outputFileListPaths = (
			);
			outputPaths = (
				"$(DERIVED_FILE_DIR)/Pods-GR_Tester-checkManifestLockResult.txt",
			);
			runOnlyForDeploymentPostprocessing = 0;
			shellPath = /bin/sh;
			shellScript = "diff \"${PODS_PODFILE_DIR_PATH}/Podfile.lock\" \"${PODS_ROOT}/Manifest.lock\" > /dev/null\nif [ $? != 0 ] ; then\n    # print error to STDERR\n    echo \"error: The sandbox is not in sync with the Podfile.lock. Run 'pod install' or update your CocoaPods installation.\" >&2\n    exit 1\nfi\n# This output is used by Xcode 'outputs' to avoid re-running this script phase.\necho \"SUCCESS\" > \"${SCRIPT_OUTPUT_FILE_0}\"\n";
			showEnvVarsInLog = 0;
		};
		ED3FF2D3A390EB089ABD7CED /* [CP] Embed Pods Frameworks */ = {
			isa = PBXShellScriptBuildPhase;
			buildActionMask = 2147483647;
			files = (
			);
			inputFileListPaths = (
			);
			inputPaths = (
				"${PODS_ROOT}/Target Support Files/Pods-GR_Tester/Pods-GR_Tester-frameworks.sh",
				"${BUILT_PRODUCTS_DIR}/Charts/Charts.framework",
				"${PODS_ROOT}/Highcharts/development/Highcharts.framework",
				"${BUILT_PRODUCTS_DIR}/SwiftChart/SwiftChart.framework",
			);
			name = "[CP] Embed Pods Frameworks";
			outputFileListPaths = (
			);
			outputPaths = (
				"${TARGET_BUILD_DIR}/${FRAMEWORKS_FOLDER_PATH}/Charts.framework",
				"${TARGET_BUILD_DIR}/${FRAMEWORKS_FOLDER_PATH}/Highcharts.framework",
				"${TARGET_BUILD_DIR}/${FRAMEWORKS_FOLDER_PATH}/SwiftChart.framework",
			);
			runOnlyForDeploymentPostprocessing = 0;
			shellPath = /bin/sh;
			shellScript = "\"${PODS_ROOT}/Target Support Files/Pods-GR_Tester/Pods-GR_Tester-frameworks.sh\"\n";
			showEnvVarsInLog = 0;
		};
/* End PBXShellScriptBuildPhase section */

/* Begin PBXSourcesBuildPhase section */
		27C4D0AC2243C1A0007815A7 /* Sources */ = {
			isa = PBXSourcesBuildPhase;
			buildActionMask = 2147483647;
			files = (
				2700513D2253BCA5000BF0AA /* Chart.swift in Sources */,
				2700513C2253BCA5000BF0AA /* ChartSeries.swift in Sources */,
				27C4D0B62243C1A0007815A7 /* ViewController.swift in Sources */,
				27C4D0B42243C1A0007815A7 /* AppDelegate.swift in Sources */,
				2700513E2253BCA5000BF0AA /* ChartColors.swift in Sources */,
			);
			runOnlyForDeploymentPostprocessing = 0;
		};
		27C4D0C02243C1AE007815A7 /* Sources */ = {
			isa = PBXSourcesBuildPhase;
			buildActionMask = 2147483647;
			files = (
				27C4D0C92243C1AE007815A7 /* GR_TesterTests.swift in Sources */,
			);
			runOnlyForDeploymentPostprocessing = 0;
		};
/* End PBXSourcesBuildPhase section */

/* Begin PBXTargetDependency section */
		27C4D0C62243C1AE007815A7 /* PBXTargetDependency */ = {
			isa = PBXTargetDependency;
			target = 27C4D0AF2243C1A0007815A7 /* GR_Tester */;
			targetProxy = 27C4D0C52243C1AE007815A7 /* PBXContainerItemProxy */;
		};
/* End PBXTargetDependency section */

/* Begin PBXVariantGroup section */
		27C4D0B72243C1A0007815A7 /* Main.storyboard */ = {
			isa = PBXVariantGroup;
			children = (
				27C4D0B82243C1A0007815A7 /* Base */,
			);
			name = Main.storyboard;
			sourceTree = "<group>";
		};
		27C4D0BC2243C1AE007815A7 /* LaunchScreen.storyboard */ = {
			isa = PBXVariantGroup;
			children = (
				27C4D0BD2243C1AE007815A7 /* Base */,
			);
			name = LaunchScreen.storyboard;
			sourceTree = "<group>";
		};
/* End PBXVariantGroup section */

/* Begin XCBuildConfiguration section */
		27C4D0CB2243C1AE007815A7 /* Debug */ = {
			isa = XCBuildConfiguration;
			buildSettings = {
				ALWAYS_SEARCH_USER_PATHS = NO;
				CLANG_ANALYZER_NONNULL = YES;
				CLANG_ANALYZER_NUMBER_OBJECT_CONVERSION = YES_AGGRESSIVE;
				CLANG_CXX_LANGUAGE_STANDARD = "gnu++14";
				CLANG_CXX_LIBRARY = "libc++";
				CLANG_ENABLE_MODULES = YES;
				CLANG_ENABLE_OBJC_ARC = YES;
				CLANG_ENABLE_OBJC_WEAK = YES;
				CLANG_WARN_BLOCK_CAPTURE_AUTORELEASING = YES;
				CLANG_WARN_BOOL_CONVERSION = YES;
				CLANG_WARN_COMMA = YES;
				CLANG_WARN_CONSTANT_CONVERSION = YES;
				CLANG_WARN_DEPRECATED_OBJC_IMPLEMENTATIONS = YES;
				CLANG_WARN_DIRECT_OBJC_ISA_USAGE = YES_ERROR;
				CLANG_WARN_DOCUMENTATION_COMMENTS = YES;
				CLANG_WARN_EMPTY_BODY = YES;
				CLANG_WARN_ENUM_CONVERSION = YES;
				CLANG_WARN_INFINITE_RECURSION = YES;
				CLANG_WARN_INT_CONVERSION = YES;
				CLANG_WARN_NON_LITERAL_NULL_CONVERSION = YES;
				CLANG_WARN_OBJC_IMPLICIT_RETAIN_SELF = YES;
				CLANG_WARN_OBJC_LITERAL_CONVERSION = YES;
				CLANG_WARN_OBJC_ROOT_CLASS = YES_ERROR;
				CLANG_WARN_RANGE_LOOP_ANALYSIS = YES;
				CLANG_WARN_STRICT_PROTOTYPES = YES;
				CLANG_WARN_SUSPICIOUS_MOVE = YES;
				CLANG_WARN_UNGUARDED_AVAILABILITY = YES_AGGRESSIVE;
				CLANG_WARN_UNREACHABLE_CODE = YES;
				CLANG_WARN__DUPLICATE_METHOD_MATCH = YES;
				CODE_SIGN_IDENTITY = "iPhone Developer";
				COPY_PHASE_STRIP = NO;
				DEBUG_INFORMATION_FORMAT = dwarf;
				ENABLE_STRICT_OBJC_MSGSEND = YES;
				ENABLE_TESTABILITY = YES;
				GCC_C_LANGUAGE_STANDARD = gnu11;
				GCC_DYNAMIC_NO_PIC = NO;
				GCC_NO_COMMON_BLOCKS = YES;
				GCC_OPTIMIZATION_LEVEL = 0;
				GCC_PREPROCESSOR_DEFINITIONS = (
					"DEBUG=1",
					"$(inherited)",
				);
				GCC_WARN_64_TO_32_BIT_CONVERSION = YES;
				GCC_WARN_ABOUT_RETURN_TYPE = YES_ERROR;
				GCC_WARN_UNDECLARED_SELECTOR = YES;
				GCC_WARN_UNINITIALIZED_AUTOS = YES_AGGRESSIVE;
				GCC_WARN_UNUSED_FUNCTION = YES;
				GCC_WARN_UNUSED_VARIABLE = YES;
				IPHONEOS_DEPLOYMENT_TARGET = 12.1;
				MTL_ENABLE_DEBUG_INFO = INCLUDE_SOURCE;
				MTL_FAST_MATH = YES;
				ONLY_ACTIVE_ARCH = YES;
				SDKROOT = iphoneos;
				SWIFT_ACTIVE_COMPILATION_CONDITIONS = DEBUG;
				SWIFT_OPTIMIZATION_LEVEL = "-Onone";
			};
			name = Debug;
		};
		27C4D0CC2243C1AE007815A7 /* Release */ = {
			isa = XCBuildConfiguration;
			buildSettings = {
				ALWAYS_SEARCH_USER_PATHS = NO;
				CLANG_ANALYZER_NONNULL = YES;
				CLANG_ANALYZER_NUMBER_OBJECT_CONVERSION = YES_AGGRESSIVE;
				CLANG_CXX_LANGUAGE_STANDARD = "gnu++14";
				CLANG_CXX_LIBRARY = "libc++";
				CLANG_ENABLE_MODULES = YES;
				CLANG_ENABLE_OBJC_ARC = YES;
				CLANG_ENABLE_OBJC_WEAK = YES;
				CLANG_WARN_BLOCK_CAPTURE_AUTORELEASING = YES;
				CLANG_WARN_BOOL_CONVERSION = YES;
				CLANG_WARN_COMMA = YES;
				CLANG_WARN_CONSTANT_CONVERSION = YES;
				CLANG_WARN_DEPRECATED_OBJC_IMPLEMENTATIONS = YES;
				CLANG_WARN_DIRECT_OBJC_ISA_USAGE = YES_ERROR;
				CLANG_WARN_DOCUMENTATION_COMMENTS = YES;
				CLANG_WARN_EMPTY_BODY = YES;
				CLANG_WARN_ENUM_CONVERSION = YES;
				CLANG_WARN_INFINITE_RECURSION = YES;
				CLANG_WARN_INT_CONVERSION = YES;
				CLANG_WARN_NON_LITERAL_NULL_CONVERSION = YES;
				CLANG_WARN_OBJC_IMPLICIT_RETAIN_SELF = YES;
				CLANG_WARN_OBJC_LITERAL_CONVERSION = YES;
				CLANG_WARN_OBJC_ROOT_CLASS = YES_ERROR;
				CLANG_WARN_RANGE_LOOP_ANALYSIS = YES;
				CLANG_WARN_STRICT_PROTOTYPES = YES;
				CLANG_WARN_SUSPICIOUS_MOVE = YES;
				CLANG_WARN_UNGUARDED_AVAILABILITY = YES_AGGRESSIVE;
				CLANG_WARN_UNREACHABLE_CODE = YES;
				CLANG_WARN__DUPLICATE_METHOD_MATCH = YES;
				CODE_SIGN_IDENTITY = "iPhone Developer";
				COPY_PHASE_STRIP = NO;
				DEBUG_INFORMATION_FORMAT = "dwarf-with-dsym";
				ENABLE_NS_ASSERTIONS = NO;
				ENABLE_STRICT_OBJC_MSGSEND = YES;
				GCC_C_LANGUAGE_STANDARD = gnu11;
				GCC_NO_COMMON_BLOCKS = YES;
				GCC_WARN_64_TO_32_BIT_CONVERSION = YES;
				GCC_WARN_ABOUT_RETURN_TYPE = YES_ERROR;
				GCC_WARN_UNDECLARED_SELECTOR = YES;
				GCC_WARN_UNINITIALIZED_AUTOS = YES_AGGRESSIVE;
				GCC_WARN_UNUSED_FUNCTION = YES;
				GCC_WARN_UNUSED_VARIABLE = YES;
				IPHONEOS_DEPLOYMENT_TARGET = 12.1;
				MTL_ENABLE_DEBUG_INFO = NO;
				MTL_FAST_MATH = YES;
				SDKROOT = iphoneos;
				SWIFT_COMPILATION_MODE = wholemodule;
				SWIFT_OPTIMIZATION_LEVEL = "-O";
				VALIDATE_PRODUCT = YES;
			};
			name = Release;
		};
		27C4D0CE2243C1AE007815A7 /* Debug */ = {
			isa = XCBuildConfiguration;
			baseConfigurationReference = 98DF0BD198AF11932CD76D63 /* Pods-GR_Tester.debug.xcconfig */;
			buildSettings = {
				ASSETCATALOG_COMPILER_APPICON_NAME = AppIcon;
				CODE_SIGN_STYLE = Automatic;
				DEVELOPMENT_TEAM = CWS7QW9CQU;
				FRAMEWORK_SEARCH_PATHS = (
					"$(inherited)",
					"$(PROJECT_DIR)/Pods/Highcharts/development",
				);
				INFOPLIST_FILE = GR_Tester/Info.plist;
				LD_RUNPATH_SEARCH_PATHS = (
					"$(inherited)",
					"@executable_path/Frameworks",
				);
				PRODUCT_BUNDLE_IDENTIFIER = "IF-Test.GR-Tester";
				PRODUCT_NAME = "$(TARGET_NAME)";
				SWIFT_VERSION = 4.2;
				TARGETED_DEVICE_FAMILY = "1,2";
			};
			name = Debug;
		};
		27C4D0CF2243C1AE007815A7 /* Release */ = {
			isa = XCBuildConfiguration;
			baseConfigurationReference = 6EF337805027C6E122520636 /* Pods-GR_Tester.release.xcconfig */;
			buildSettings = {
				ASSETCATALOG_COMPILER_APPICON_NAME = AppIcon;
				CODE_SIGN_STYLE = Automatic;
				DEVELOPMENT_TEAM = CWS7QW9CQU;
				FRAMEWORK_SEARCH_PATHS = (
					"$(inherited)",
					"$(PROJECT_DIR)/Pods/Highcharts/development",
				);
				INFOPLIST_FILE = GR_Tester/Info.plist;
				LD_RUNPATH_SEARCH_PATHS = (
					"$(inherited)",
					"@executable_path/Frameworks",
				);
				PRODUCT_BUNDLE_IDENTIFIER = "IF-Test.GR-Tester";
				PRODUCT_NAME = "$(TARGET_NAME)";
				SWIFT_VERSION = 4.2;
				TARGETED_DEVICE_FAMILY = "1,2";
			};
			name = Release;
		};
		27C4D0D12243C1AE007815A7 /* Debug */ = {
			isa = XCBuildConfiguration;
			buildSettings = {
				ALWAYS_EMBED_SWIFT_STANDARD_LIBRARIES = YES;
				BUNDLE_LOADER = "$(TEST_HOST)";
				CODE_SIGN_STYLE = Automatic;
				INFOPLIST_FILE = GR_TesterTests/Info.plist;
				LD_RUNPATH_SEARCH_PATHS = (
					"$(inherited)",
					"@executable_path/Frameworks",
					"@loader_path/Frameworks",
				);
				PRODUCT_BUNDLE_IDENTIFIER = "IF-Test.GR-TesterTests";
				PRODUCT_NAME = "$(TARGET_NAME)";
				SWIFT_VERSION = 4.2;
				TARGETED_DEVICE_FAMILY = "1,2";
				TEST_HOST = "$(BUILT_PRODUCTS_DIR)/GR_Tester.app/GR_Tester";
			};
			name = Debug;
		};
		27C4D0D22243C1AE007815A7 /* Release */ = {
			isa = XCBuildConfiguration;
			buildSettings = {
				ALWAYS_EMBED_SWIFT_STANDARD_LIBRARIES = YES;
				BUNDLE_LOADER = "$(TEST_HOST)";
				CODE_SIGN_STYLE = Automatic;
				INFOPLIST_FILE = GR_TesterTests/Info.plist;
				LD_RUNPATH_SEARCH_PATHS = (
					"$(inherited)",
					"@executable_path/Frameworks",
					"@loader_path/Frameworks",
				);
				PRODUCT_BUNDLE_IDENTIFIER = "IF-Test.GR-TesterTests";
				PRODUCT_NAME = "$(TARGET_NAME)";
				SWIFT_VERSION = 4.2;
				TARGETED_DEVICE_FAMILY = "1,2";
				TEST_HOST = "$(BUILT_PRODUCTS_DIR)/GR_Tester.app/GR_Tester";
			};
			name = Release;
		};
/* End XCBuildConfiguration section */

/* Begin XCConfigurationList section */
		27C4D0AB2243C1A0007815A7 /* Build configuration list for PBXProject "GR_Tester" */ = {
			isa = XCConfigurationList;
			buildConfigurations = (
				27C4D0CB2243C1AE007815A7 /* Debug */,
				27C4D0CC2243C1AE007815A7 /* Release */,
			);
			defaultConfigurationIsVisible = 0;
			defaultConfigurationName = Release;
		};
		27C4D0CD2243C1AE007815A7 /* Build configuration list for PBXNativeTarget "GR_Tester" */ = {
			isa = XCConfigurationList;
			buildConfigurations = (
				27C4D0CE2243C1AE007815A7 /* Debug */,
				27C4D0CF2243C1AE007815A7 /* Release */,
			);
			defaultConfigurationIsVisible = 0;
			defaultConfigurationName = Release;
		};
		27C4D0D02243C1AE007815A7 /* Build configuration list for PBXNativeTarget "GR_TesterTests" */ = {
			isa = XCConfigurationList;
			buildConfigurations = (
				27C4D0D12243C1AE007815A7 /* Debug */,
				27C4D0D22243C1AE007815A7 /* Release */,
			);
			defaultConfigurationIsVisible = 0;
			defaultConfigurationName = Release;
		};
/* End XCConfigurationList section */
	};
	rootObject = 27C4D0A82243C19F007815A7 /* Project object */;
}
